
Microsoft Visual Studio Solution File, Format Version 11.00
# Visual C# Express 2010
Project("{FAE04EC0-301F-11D3-BF4B-00C04F79EFBC}") = "Nunit", "Nunit.csproj", "{4DBCD74A-FD3A-4845-9A9C-90079CECC426}"
EndProject
Project("{FAE04EC0-301F-11D3-BF4B-00C04F79EFBC}") = "Project1", "..\Project1\Project1.csproj", "{EE6A53DD-9C55-4438-A3CF-AC1F7FDBD12B}"
EndProject
Project("{FAE04EC0-301F-11D3-BF4B-00C04F79EFBC}") = "ClassLibrary1", "ClassLibrary1\ClassLibrary1.csproj", "{162B48D8-C61D-4A97-B383-85BFF683215F}"
EndProject
Global
	GlobalSection(SolutionConfigurationPlatforms) = preSolution
		Debug|Any CPU = Debug|Any CPU
		Debug|Mixed Platforms = Debug|Mixed Platforms
		Debug|x86 = Debug|x86
		Release|Any CPU = Release|Any CPU
		Release|Mixed Platforms = Release|Mixed Platforms
		Release|x86 = Release|x86
	EndGlobalSection
	GlobalSection(ProjectConfigurationPlatforms) = postSolution
		{4DBCD74A-FD3A-4845-9A9C-90079CECC426}.Debug|Any CPU.ActiveCfg = Debug|Any CPU
		{4DBCD74A-FD3A-4845-9A9C-90079CECC426}.Debug|Any CPU.Build.0 = Debug|Any CPU
		{4DBCD74A-FD3A-4845-9A9C-90079CECC426}.Debug|Mixed Platforms.ActiveCfg = Debug|Any CPU
		{4DBCD74A-FD3A-4845-9A9C-90079CECC426}.Debug|Mixed Platforms.Build.0 = Debug|Any CPU
		{4DBCD74A-FD3A-4845-9A9C-90079CECC426}.Debug|x86.ActiveCfg = Debug|Any CPU
		{4DBCD74A-FD3A-4845-9A9C-90079CECC426}.Release|Any CPU.ActiveCfg = Release|Any CPU
		{4DBCD74A-FD3A-4845-9A9C-90079CECC426}.Release|Any CPU.Build.0 = Release|Any CPU
		{4DBCD74A-FD3A-4845-9A9C-90079CECC426}.Release|Mixed Platforms.ActiveCfg = Release|Any CPU
		{4DBCD74A-FD3A-4845-9A9C-90079CECC426}.Release|Mixed Platforms.Build.0 = Release|Any CPU
		{4DBCD74A-FD3A-4845-9A9C-90079CECC426}.Release|x86.ActiveCfg = Release|Any CPU
		{EE6A53DD-9C55-4438-A3CF-AC1F7FDBD12B}.Debug|Any CPU.ActiveCfg = Debug|x86
		{EE6A53DD-9C55-4438-A3CF-AC1F7FDBD12B}.Debug|Mixed Platforms.ActiveCfg = Debug|x86
		{EE6A53DD-9C55-4438-A3CF-AC1F7FDBD12B}.Debug|Mixed Platforms.Build.0 = Debug|x86
		{EE6A53DD-9C55-4438-A3CF-AC1F7FDBD12B}.Debug|x86.ActiveCfg = Debug|x86
		{EE6A53DD-9C55-4438-A3CF-AC1F7FDBD12B}.Debug|x86.Build.0 = Debug|x86
		{EE6A53DD-9C55-4438-A3CF-AC1F7FDBD12B}.Release|Any CPU.ActiveCfg = Release|x86
		{EE6A53DD-9C55-4438-A3CF-AC1F7FDBD12B}.Release|Mixed Platforms.ActiveCfg = Release|x86
		{EE6A53DD-9C55-4438-A3CF-AC1F7FDBD12B}.Release|Mixed Platforms.Build.0 = Release|x86
		{EE6A53DD-9C55-4438-A3CF-AC1F7FDBD12B}.Release|x86.ActiveCfg = Release|x86
		{EE6A53DD-9C55-4438-A3CF-AC1F7FDBD12B}.Release|x86.Build.0 = Release|x86
		{162B48D8-C61D-4A97-B383-85BFF683215F}.Debug|Any CPU.ActiveCfg = Debug|Any CPU
		{162B48D8-C61D-4A97-B383-85BFF683215F}.Debug|Any CPU.Build.0 = Debug|Any CPU
		{162B48D8-C61D-4A97-B383-85BFF683215F}.Debug|Mixed Platforms.ActiveCfg = Debug|Any CPU
		{162B48D8-C61D-4A97-B383-85BFF683215F}.Debug|Mixed Platforms.Build.0 = Debug|Any CPU
		{162B48D8-C61D-4A97-B383-85BFF683215F}.Debug|x86.ActiveCfg = Debug|Any CPU
		{162B48D8-C61D-4A97-B383-85BFF683215F}.Release|Any CPU.ActiveCfg = Release|Any CPU
		{162B48D8-C61D-4A97-B383-85BFF683215F}.Release|Any CPU.Build.0 = Release|Any CPU
		{162B48D8-C61D-4A97-B383-85BFF683215F}.Release|Mixed Platforms.ActiveCfg = Release|Any CPU
		{162B48D8-C61D-4A97-B383-85BFF683215F}.Release|Mixed Platforms.Build.0 = Release|Any CPU
		{162B48D8-C61D-4A97-B383-85BFF683215F}.Release|x86.ActiveCfg = Release|Any CPU
	EndGlobalSection
	GlobalSection(SolutionProperties) = preSolution
		HideSolutionNode = FALSE
	EndGlobalSection
EndGlobal
